// !$*UTF8*$!
{
	archiveVersion = 1;
	classes = {
	};
	objectVersion = 50;
	objects = {

/* Begin PBXBuildFile section */
		3057208120BFA19200161BFD /* AppDelegate.swift in Sources */ = {isa = PBXBuildFile; fileRef = 3057208020BFA19200161BFD /* AppDelegate.swift */; };
		3057208320BFA19200161BFD /* ViewController.swift in Sources */ = {isa = PBXBuildFile; fileRef = 3057208220BFA19200161BFD /* ViewController.swift */; };
		3057208620BFA19200161BFD /* Main.storyboard in Resources */ = {isa = PBXBuildFile; fileRef = 3057208420BFA19200161BFD /* Main.storyboard */; };
		3057208820BFA19400161BFD /* Assets.xcassets in Resources */ = {isa = PBXBuildFile; fileRef = 3057208720BFA19400161BFD /* Assets.xcassets */; };
		3057208B20BFA19400161BFD /* LaunchScreen.storyboard in Resources */ = {isa = PBXBuildFile; fileRef = 3057208920BFA19400161BFD /* LaunchScreen.storyboard */; };
		3057209620BFA19500161BFD /* gitDemoTests.swift in Sources */ = {isa = PBXBuildFile; fileRef = 3057209520BFA19500161BFD /* gitDemoTests.swift */; };
		305720A120BFA19500161BFD /* gitDemoUITests.swift in Sources */ = {isa = PBXBuildFile; fileRef = 305720A020BFA19500161BFD /* gitDemoUITests.swift */; };
/* End PBXBuildFile section */

/* Begin PBXContainerItemProxy section */
		3057209220BFA19500161BFD /* PBXContainerItemProxy */ = {
			isa = PBXContainerItemProxy;
			containerPortal = 3057207520BFA19200161BFD /* Project object */;
			proxyType = 1;
			remoteGlobalIDString = 3057207C20BFA19200161BFD;
			remoteInfo = gitDemo;
		};
		3057209D20BFA19500161BFD /* PBXContainerItemProxy */ = {
			isa = PBXContainerItemProxy;
			containerPortal = 3057207520BFA19200161BFD /* Project object */;
			proxyType = 1;
			remoteGlobalIDString = 3057207C20BFA19200161BFD;
			remoteInfo = gitDemo;
		};
/* End PBXContainerItemProxy section */

/* Begin PBXFileReference section */
		3057207D20BFA19200161BFD /* gitDemo.app */ = {isa = PBXFileReference; explicitFileType = wrapper.application; includeInIndex = 0; path = gitDemo.app; sourceTree = BUILT_PRODUCTS_DIR; };
		3057208020BFA19200161BFD /* AppDelegate.swift */ = {isa = PBXFileReference; lastKnownFileType = sourcecode.swift; path = AppDelegate.swift; sourceTree = "<group>"; };
		3057208220BFA19200161BFD /* ViewController.swift */ = {isa = PBXFileReference; lastKnownFileType = sourcecode.swift; path = ViewController.swift; sourceTree = "<group>"; };
		3057208520BFA19200161BFD /* Base */ = {isa = PBXFileReference; lastKnownFileType = file.storyboard; name = Base; path = Base.lproj/Main.storyboard; sourceTree = "<group>"; };
		3057208720BFA19400161BFD /* Assets.xcassets */ = {isa = PBXFileReference; lastKnownFileType = folder.assetcatalog; path = Assets.xcassets; sourceTree = "<group>"; };
		3057208A20BFA19400161BFD /* Base */ = {isa = PBXFileReference; lastKnownFileType = file.storyboard; name = Base; path = Base.lproj/LaunchScreen.storyboard; sourceTree = "<group>"; };
		3057208C20BFA19400161BFD /* Info.plist */ = {isa = PBXFileReference; lastKnownFileType = text.plist.xml; path = Info.plist; sourceTree = "<group>"; };
		3057209120BFA19500161BFD /* gitDemoTests.xctest */ = {isa = PBXFileReference; explicitFileType = wrapper.cfbundle; includeInIndex = 0; path = gitDemoTests.xctest; sourceTree = BUILT_PRODUCTS_DIR; };
		3057209520BFA19500161BFD /* gitDemoTests.swift */ = {isa = PBXFileReference; lastKnownFileType = sourcecode.swift; path = gitDemoTests.swift; sourceTree = "<group>"; };
		3057209720BFA19500161BFD /* Info.plist */ = {isa = PBXFileReference; lastKnownFileType = text.plist.xml; path = Info.plist; sourceTree = "<group>"; };
		3057209C20BFA19500161BFD /* gitDemoUITests.xctest */ = {isa = PBXFileReference; explicitFileType = wrapper.cfbundle; includeInIndex = 0; path = gitDemoUITests.xctest; sourceTree = BUILT_PRODUCTS_DIR; };
		305720A020BFA19500161BFD /* gitDemoUITests.swift */ = {isa = PBXFileReference; lastKnownFileType = sourcecode.swift; path = gitDemoUITests.swift; sourceTree = "<group>"; };
		305720A220BFA19500161BFD /* Info.plist */ = {isa = PBXFileReference; lastKnownFileType = text.plist.xml; path = Info.plist; sourceTree = "<group>"; };
/* End PBXFileReference section */

/* Begin PBXFrameworksBuildPhase section */
		3057207A20BFA19200161BFD /* Frameworks */ = {
			isa = PBXFrameworksBuildPhase;
			buildActionMask = 2147483647;
			files = (
			);
			runOnlyForDeploymentPostprocessing = 0;
		};
		3057208E20BFA19500161BFD /* Frameworks */ = {
			isa = PBXFrameworksBuildPhase;
			buildActionMask = 2147483647;
			files = (
			);
			runOnlyForDeploymentPostprocessing = 0;
		};
		3057209920BFA19500161BFD /* Frameworks */ = {
			isa = PBXFrameworksBuildPhase;
			buildActionMask = 2147483647;
			files = (
			);
			runOnlyForDeploymentPostprocessing = 0;
		};
/* End PBXFrameworksBuildPhase section */

/* Begin PBXGroup section */
		3057207420BFA19200161BFD = {
			isa = PBXGroup;
			children = (
				3057207F20BFA19200161BFD /* gitDemo */,
				3057209420BFA19500161BFD /* gitDemoTests */,
				3057209F20BFA19500161BFD /* gitDemoUITests */,
				3057207E20BFA19200161BFD /* Products */,
			);
			sourceTree = "<group>";
		};
		3057207E20BFA19200161BFD /* Products */ = {
			isa = PBXGroup;
			children = (
				3057207D20BFA19200161BFD /* gitDemo.app */,
				3057209120BFA19500161BFD /* gitDemoTests.xctest */,
				3057209C20BFA19500161BFD /* gitDemoUITests.xctest */,
			);
			name = Products;
			sourceTree = "<group>";
		};
		3057207F20BFA19200161BFD /* gitDemo */ = {
			isa = PBXGroup;
			children = (
				3057208020BFA19200161BFD /* AppDelegate.swift */,
				3057208220BFA19200161BFD /* ViewController.swift */,
				3057208420BFA19200161BFD /* Main.storyboard */,
				3057208720BFA19400161BFD /* Assets.xcassets */,
				3057208920BFA19400161BFD /* LaunchScreen.storyboard */,
				3057208C20BFA19400161BFD /* Info.plist */,
			);
			path = gitDemo;
			sourceTree = "<group>";
		};
		3057209420BFA19500161BFD /* gitDemoTests */ = {
			isa = PBXGroup;
			children = (
				3057209520BFA19500161BFD /* gitDemoTests.swift */,
				3057209720BFA19500161BFD /* Info.plist */,
			);
			path = gitDemoTests;
			sourceTree = "<group>";
		};
		3057209F20BFA19500161BFD /* gitDemoUITests */ = {
			isa = PBXGroup;
			children = (
				305720A020BFA19500161BFD /* gitDemoUITests.swift */,
				305720A220BFA19500161BFD /* Info.plist */,
			);
			path = gitDemoUITests;
			sourceTree = "<group>";
		};
/* End PBXGroup section */

/* Begin PBXNativeTarget section */
		3057207C20BFA19200161BFD /* gitDemo */ = {
			isa = PBXNativeTarget;
			buildConfigurationList = 305720A520BFA19500161BFD /* Build configuration list for PBXNativeTarget "gitDemo" */;
			buildPhases = (
				3057207920BFA19200161BFD /* Sources */,
				3057207A20BFA19200161BFD /* Frameworks */,
				3057207B20BFA19200161BFD /* Resources */,
			);
			buildRules = (
			);
			dependencies = (
			);
			name = gitDemo;
			productName = gitDemo;
			productReference = 3057207D20BFA19200161BFD /* gitDemo.app */;
			productType = "com.apple.product-type.application";
		};
		3057209020BFA19500161BFD /* gitDemoTests */ = {
			isa = PBXNativeTarget;
			buildConfigurationList = 305720A820BFA19500161BFD /* Build configuration list for PBXNativeTarget "gitDemoTests" */;
			buildPhases = (
				3057208D20BFA19500161BFD /* Sources */,
				3057208E20BFA19500161BFD /* Frameworks */,
				3057208F20BFA19500161BFD /* Resources */,
			);
			buildRules = (
			);
			dependencies = (
				3057209320BFA19500161BFD /* PBXTargetDependency */,
			);
			name = gitDemoTests;
			productName = gitDemoTests;
			productReference = 3057209120BFA19500161BFD /* gitDemoTests.xctest */;
			productType = "com.apple.product-type.bundle.unit-test";
		};
		3057209B20BFA19500161BFD /* gitDemoUITests */ = {
			isa = PBXNativeTarget;
			buildConfigurationList = 305720AB20BFA19500161BFD /* Build configuration list for PBXNativeTarget "gitDemoUITests" */;
			buildPhases = (
				3057209820BFA19500161BFD /* Sources */,
				3057209920BFA19500161BFD /* Frameworks */,
				3057209A20BFA19500161BFD /* Resources */,
			);
			buildRules = (
			);
			dependencies = (
				3057209E20BFA19500161BFD /* PBXTargetDependency */,
			);
			name = gitDemoUITests;
			productName = gitDemoUITests;
			productReference = 3057209C20BFA19500161BFD /* gitDemoUITests.xctest */;
			productType = "com.apple.product-type.bundle.ui-testing";
		};
/* End PBXNativeTarget section */

/* Begin PBXProject section */
		3057207520BFA19200161BFD /* Project object */ = {
			isa = PBXProject;
			attributes = {
				LastSwiftUpdateCheck = 0930;
				LastUpgradeCheck = 0930;
				ORGANIZATIONNAME = "张佳境";
				TargetAttributes = {
					3057207C20BFA19200161BFD = {
						CreatedOnToolsVersion = 9.3.1;
					};
					3057209020BFA19500161BFD = {
						CreatedOnToolsVersion = 9.3.1;
						TestTargetID = 3057207C20BFA19200161BFD;
					};
					3057209B20BFA19500161BFD = {
						CreatedOnToolsVersion = 9.3.1;
						TestTargetID = 3057207C20BFA19200161BFD;
					};
				};
			};
			buildConfigurationList = 3057207820BFA19200161BFD /* Build configuration list for PBXProject "gitDemo" */;
			compatibilityVersion = "Xcode 9.3";
			developmentRegion = en;
			hasScannedForEncodings = 0;
			knownRegions = (
				en,
				Base,
			);
			mainGroup = 3057207420BFA19200161BFD;
			productRefGroup = 3057207E20BFA19200161BFD /* Products */;
			projectDirPath = "";
			projectRoot = "";
			targets = (
				3057207C20BFA19200161BFD /* gitDemo */,
				3057209020BFA19500161BFD /* gitDemoTests */,
				3057209B20BFA19500161BFD /* gitDemoUITests */,
			);
		};
/* End PBXProject section */

/* Begin PBXResourcesBuildPhase section */
		3057207B20BFA19200161BFD /* Resources */ = {
			isa = PBXResourcesBuildPhase;
			buildActionMask = 2147483647;
			files = (
				3057208B20BFA19400161BFD /* LaunchScreen.storyboard in Resources */,
				3057208820BFA19400161BFD /* Assets.xcassets in Resources */,
				3057208620BFA19200161BFD /* Main.storyboard in Resources */,
			);
			runOnlyForDeploymentPostprocessing = 0;
		};
		3057208F20BFA19500161BFD /* Resources */ = {
			isa = PBXResourcesBuildPhase;
			buildActionMask = 2147483647;
			files = (
			);
			runOnlyForDeploymentPostprocessing = 0;
		};
		3057209A20BFA19500161BFD /* Resources */ = {
			isa = PBXResourcesBuildPhase;
			buildActionMask = 2147483647;
			files = (
			);
			runOnlyForDeploymentPostprocessing = 0;
		};
/* End PBXResourcesBuildPhase section */

/* Begin PBXSourcesBuildPhase section */
		3057207920BFA19200161BFD /* Sources */ = {
			isa = PBXSourcesBuildPhase;
			buildActionMask = 2147483647;
			files = (
				3057208320BFA19200161BFD /* ViewController.swift in Sources */,
				3057208120BFA19200161BFD /* AppDelegate.swift in Sources */,
			);
			runOnlyForDeploymentPostprocessing = 0;
		};
		3057208D20BFA19500161BFD /* Sources */ = {
			isa = PBXSourcesBuildPhase;
			buildActionMask = 2147483647;
			files = (
				3057209620BFA19500161BFD /* gitDemoTests.swift in Sources */,
			);
			runOnlyForDeploymentPostprocessing = 0;
		};
		3057209820BFA19500161BFD /* Sources */ = {
			isa = PBXSourcesBuildPhase;
			buildActionMask = 2147483647;
			files = (
				305720A120BFA19500161BFD /* gitDemoUITests.swift in Sources */,
			);
			runOnlyForDeploymentPostprocessing = 0;
		};
/* End PBXSourcesBuildPhase section */

/* Begin PBXTargetDependency section */
		3057209320BFA19500161BFD /* PBXTargetDependency */ = {
			isa = PBXTargetDependency;
			target = 3057207C20BFA19200161BFD /* gitDemo */;
			targetProxy = 3057209220BFA19500161BFD /* PBXContainerItemProxy */;
		};
		3057209E20BFA19500161BFD /* PBXTargetDependency */ = {
			isa = PBXTargetDependency;
			target = 3057207C20BFA19200161BFD /* gitDemo */;
			targetProxy = 3057209D20BFA19500161BFD /* PBXContainerItemProxy */;
		};
/* End PBXTargetDependency section */

/* Begin PBXVariantGroup section */
		3057208420BFA19200161BFD /* Main.storyboard */ = {
			isa = PBXVariantGroup;
			children = (
				3057208520BFA19200161BFD /* Base */,
			);
			name = Main.storyboard;
			sourceTree = "<group>";
		};
		3057208920BFA19400161BFD /* LaunchScreen.storyboard */ = {
			isa = PBXVariantGroup;
			children = (
				3057208A20BFA19400161BFD /* Base */,
			);
			name = LaunchScreen.storyboard;
			sourceTree = "<group>";
		};
/* End PBXVariantGroup section */

/* Begin XCBuildConfiguration section */
		305720A320BFA19500161BFD /* Debug */ = {
			isa = XCBuildConfiguration;
			buildSettings = {
				ALWAYS_SEARCH_USER_PATHS = NO;
				CLANG_ANALYZER_NONNULL = YES;
				CLANG_ANALYZER_NUMBER_OBJECT_CONVERSION = YES_AGGRESSIVE;
				CLANG_CXX_LANGUAGE_STANDARD = "gnu++14";
				CLANG_CXX_LIBRARY = "libc++";
				CLANG_ENABLE_MODULES = YES;
				CLANG_ENABLE_OBJC_ARC = YES;
				CLANG_ENABLE_OBJC_WEAK = YES;
				CLANG_WARN_BLOCK_CAPTURE_AUTORELEASING = YES;
				CLANG_WARN_BOOL_CONVERSION = YES;
				CLANG_WARN_COMMA = YES;
				CLANG_WARN_CONSTANT_CONVERSION = YES;
				CLANG_WARN_DEPRECATED_OBJC_IMPLEMENTATIONS = YES;
				CLANG_WARN_DIRECT_OBJC_ISA_USAGE = YES_ERROR;
				CLANG_WARN_DOCUMENTATION_COMMENTS = YES;
				CLANG_WARN_EMPTY_BODY = YES;
				CLANG_WARN_ENUM_CONVERSION = YES;
				CLANG_WARN_INFINITE_RECURSION = YES;
				CLANG_WARN_INT_CONVERSION = YES;
				CLANG_WARN_NON_LITERAL_NULL_CONVERSION = YES;
				CLANG_WARN_OBJC_IMPLICIT_RETAIN_SELF = YES;
				CLANG_WARN_OBJC_LITERAL_CONVERSION = YES;
				CLANG_WARN_OBJC_ROOT_CLASS = YES_ERROR;
				CLANG_WARN_RANGE_LOOP_ANALYSIS = YES;
				CLANG_WARN_STRICT_PROTOTYPES = YES;
				CLANG_WARN_SUSPICIOUS_MOVE = YES;
				CLANG_WARN_UNGUARDED_AVAILABILITY = YES_AGGRESSIVE;
				CLANG_WARN_UNREACHABLE_CODE = YES;
				CLANG_WARN__DUPLICATE_METHOD_MATCH = YES;
				CODE_SIGN_IDENTITY = "iPhone Developer";
				COPY_PHASE_STRIP = NO;
				DEBUG_INFORMATION_FORMAT = dwarf;
				ENABLE_STRICT_OBJC_MSGSEND = YES;
				ENABLE_TESTABILITY = YES;
				GCC_C_LANGUAGE_STANDARD = gnu11;
				GCC_DYNAMIC_NO_PIC = NO;
				GCC_NO_COMMON_BLOCKS = YES;
				GCC_OPTIMIZATION_LEVEL = 0;
				GCC_PREPROCESSOR_DEFINITIONS = (
					"DEBUG=1",
					"$(inherited)",
				);
				GCC_WARN_64_TO_32_BIT_CONVERSION = YES;
				GCC_WARN_ABOUT_RETURN_TYPE = YES_ERROR;
				GCC_WARN_UNDECLARED_SELECTOR = YES;
				GCC_WARN_UNINITIALIZED_AUTOS = YES_AGGRESSIVE;
				GCC_WARN_UNUSED_FUNCTION = YES;
				GCC_WARN_UNUSED_VARIABLE = YES;
				IPHONEOS_DEPLOYMENT_TARGET = 11.3;
				MTL_ENABLE_DEBUG_INFO = YES;
				ONLY_ACTIVE_ARCH = YES;
				SDKROOT = iphoneos;
				SWIFT_ACTIVE_COMPILATION_CONDITIONS = DEBUG;
				SWIFT_OPTIMIZATION_LEVEL = "-Onone";
			};
			name = Debug;
		};
		305720A420BFA19500161BFD /* Release */ = {
			isa = XCBuildConfiguration;
			buildSettings = {
				ALWAYS_SEARCH_USER_PATHS = NO;
				CLANG_ANALYZER_NONNULL = YES;
				CLANG_ANALYZER_NUMBER_OBJECT_CONVERSION = YES_AGGRESSIVE;
				CLANG_CXX_LANGUAGE_STANDARD = "gnu++14";
				CLANG_CXX_LIBRARY = "libc++";
				CLANG_ENABLE_MODULES = YES;
				CLANG_ENABLE_OBJC_ARC = YES;
				CLANG_ENABLE_OBJC_WEAK = YES;
				CLANG_WARN_BLOCK_CAPTURE_AUTORELEASING = YES;
				CLANG_WARN_BOOL_CONVERSION = YES;
				CLANG_WARN_COMMA = YES;
				CLANG_WARN_CONSTANT_CONVERSION = YES;
				CLANG_WARN_DEPRECATED_OBJC_IMPLEMENTATIONS = YES;
				CLANG_WARN_DIRECT_OBJC_ISA_USAGE = YES_ERROR;
				CLANG_WARN_DOCUMENTATION_COMMENTS = YES;
				CLANG_WARN_EMPTY_BODY = YES;
				CLANG_WARN_ENUM_CONVERSION = YES;
				CLANG_WARN_INFINITE_RECURSION = YES;
				CLANG_WARN_INT_CONVERSION = YES;
				CLANG_WARN_NON_LITERAL_NULL_CONVERSION = YES;
				CLANG_WARN_OBJC_IMPLICIT_RETAIN_SELF = YES;
				CLANG_WARN_OBJC_LITERAL_CONVERSION = YES;
				CLANG_WARN_OBJC_ROOT_CLASS = YES_ERROR;
				CLANG_WARN_RANGE_LOOP_ANALYSIS = YES;
				CLANG_WARN_STRICT_PROTOTYPES = YES;
				CLANG_WARN_SUSPICIOUS_MOVE = YES;
				CLANG_WARN_UNGUARDED_AVAILABILITY = YES_AGGRESSIVE;
				CLANG_WARN_UNREACHABLE_CODE = YES;
				CLANG_WARN__DUPLICATE_METHOD_MATCH = YES;
				CODE_SIGN_IDENTITY = "iPhone Developer";
				COPY_PHASE_STRIP = NO;
				DEBUG_INFORMATION_FORMAT = "dwarf-with-dsym";
				ENABLE_NS_ASSERTIONS = NO;
				ENABLE_STRICT_OBJC_MSGSEND = YES;
				GCC_C_LANGUAGE_STANDARD = gnu11;
				GCC_NO_COMMON_BLOCKS = YES;
				GCC_WARN_64_TO_32_BIT_CONVERSION = YES;
				GCC_WARN_ABOUT_RETURN_TYPE = YES_ERROR;
				GCC_WARN_UNDECLARED_SELECTOR = YES;
				GCC_WARN_UNINITIALIZED_AUTOS = YES_AGGRESSIVE;
				GCC_WARN_UNUSED_FUNCTION = YES;
				GCC_WARN_UNUSED_VARIABLE = YES;
				IPHONEOS_DEPLOYMENT_TARGET = 11.3;
				MTL_ENABLE_DEBUG_INFO = NO;
				SDKROOT = iphoneos;
				SWIFT_COMPILATION_MODE = wholemodule;
				SWIFT_OPTIMIZATION_LEVEL = "-O";
				VALIDATE_PRODUCT = YES;
			};
			name = Release;
		};
		305720A620BFA19500161BFD /* Debug */ = {
			isa = XCBuildConfiguration;
			buildSettings = {
				ASSETCATALOG_COMPILER_APPICON_NAME = AppIcon;
				CODE_SIGN_STYLE = Automatic;
				DEVELOPMENT_TEAM = 8J52SRPW6X;
				INFOPLIST_FILE = gitDemo/Info.plist;
				LD_RUNPATH_SEARCH_PATHS = (
					"$(inherited)",
					"@executable_path/Frameworks",
				);
				PRODUCT_BUNDLE_IDENTIFIER = com.nero.onr.gitDemo;
				PRODUCT_NAME = "$(TARGET_NAME)";
				SWIFT_VERSION = 4.0;
				TARGETED_DEVICE_FAMILY = "1,2";
			};
			name = Debug;
		};
		305720A720BFA19500161BFD /* Release */ = {
			isa = XCBuildConfiguration;
			buildSettings = {
				ASSETCATALOG_COMPILER_APPICON_NAME = AppIcon;
				CODE_SIGN_STYLE = Automatic;
				DEVELOPMENT_TEAM = 8J52SRPW6X;
				INFOPLIST_FILE = gitDemo/Info.plist;
				LD_RUNPATH_SEARCH_PATHS = (
					"$(inherited)",
					"@executable_path/Frameworks",
				);
				PRODUCT_BUNDLE_IDENTIFIER = com.nero.onr.gitDemo;
				PRODUCT_NAME = "$(TARGET_NAME)";
				SWIFT_VERSION = 4.0;
				TARGETED_DEVICE_FAMILY = "1,2";
			};
			name = Release;
		};
		305720A920BFA19500161BFD /* Debug */ = {
			isa = XCBuildConfiguration;
			buildSettings = {
				ALWAYS_EMBED_SWIFT_STANDARD_LIBRARIES = YES;
				BUNDLE_LOADER = "$(TEST_HOST)";
				CODE_SIGN_STYLE = Automatic;
				DEVELOPMENT_TEAM = 8J52SRPW6X;
				INFOPLIST_FILE = gitDemoTests/Info.plist;
				LD_RUNPATH_SEARCH_PATHS = (
					"$(inherited)",
					"@executable_path/Frameworks",
					"@loader_path/Frameworks",
				);
				PRODUCT_BUNDLE_IDENTIFIER = com.nero.onr.gitDemoTests;
				PRODUCT_NAME = "$(TARGET_NAME)";
				SWIFT_VERSION = 4.0;
				TARGETED_DEVICE_FAMILY = "1,2";
				TEST_HOST = "$(BUILT_PRODUCTS_DIR)/gitDemo.app/gitDemo";
			};
			name = Debug;
		};
		305720AA20BFA19500161BFD /* Release */ = {
			isa = XCBuildConfiguration;
			buildSettings = {
				ALWAYS_EMBED_SWIFT_STANDARD_LIBRARIES = YES;
				BUNDLE_LOADER = "$(TEST_HOST)";
				CODE_SIGN_STYLE = Automatic;
				DEVELOPMENT_TEAM = 8J52SRPW6X;
				INFOPLIST_FILE = gitDemoTests/Info.plist;
				LD_RUNPATH_SEARCH_PATHS = (
					"$(inherited)",
					"@executable_path/Frameworks",
					"@loader_path/Frameworks",
				);
				PRODUCT_BUNDLE_IDENTIFIER = com.nero.onr.gitDemoTests;
				PRODUCT_NAME = "$(TARGET_NAME)";
				SWIFT_VERSION = 4.0;
				TARGETED_DEVICE_FAMILY = "1,2";
				TEST_HOST = "$(BUILT_PRODUCTS_DIR)/gitDemo.app/gitDemo";
			};
			name = Release;
		};
		305720AC20BFA19500161BFD /* Debug */ = {
			isa = XCBuildConfiguration;
			buildSettings = {
				ALWAYS_EMBED_SWIFT_STANDARD_LIBRARIES = YES;
				CODE_SIGN_STYLE = Automatic;
				DEVELOPMENT_TEAM = 8J52SRPW6X;
				INFOPLIST_FILE = gitDemoUITests/Info.plist;
				LD_RUNPATH_SEARCH_PATHS = (
					"$(inherited)",
					"@executable_path/Frameworks",
					"@loader_path/Frameworks",
				);
				PRODUCT_BUNDLE_IDENTIFIER = com.nero.onr.gitDemoUITests;
				PRODUCT_NAME = "$(TARGET_NAME)";
				SWIFT_VERSION = 4.0;
				TARGETED_DEVICE_FAMILY = "1,2";
				TEST_TARGET_NAME = gitDemo;
			};
			name = Debug;
		};
		305720AD20BFA19500161BFD /* Release */ = {
			isa = XCBuildConfiguration;
			buildSettings = {
				ALWAYS_EMBED_SWIFT_STANDARD_LIBRARIES = YES;
				CODE_SIGN_STYLE = Automatic;
				DEVELOPMENT_TEAM = 8J52SRPW6X;
				INFOPLIST_FILE = gitDemoUITests/Info.plist;
				LD_RUNPATH_SEARCH_PATHS = (
					"$(inherited)",
					"@executable_path/Frameworks",
					"@loader_path/Frameworks",
				);
				PRODUCT_BUNDLE_IDENTIFIER = com.nero.onr.gitDemoUITests;
				PRODUCT_NAME = "$(TARGET_NAME)";
				SWIFT_VERSION = 4.0;
				TARGETED_DEVICE_FAMILY = "1,2";
				TEST_TARGET_NAME = gitDemo;
			};
			name = Release;
		};
/* End XCBuildConfiguration section */

/* Begin XCConfigurationList section */
		3057207820BFA19200161BFD /* Build configuration list for PBXProject "gitDemo" */ = {
			isa = XCConfigurationList;
			buildConfigurations = (
				305720A320BFA19500161BFD /* Debug */,
				305720A420BFA19500161BFD /* Release */,
			);
			defaultConfigurationIsVisible = 0;
			defaultConfigurationName = Release;
		};
		305720A520BFA19500161BFD /* Build configuration list for PBXNativeTarget "gitDemo" */ = {
			isa = XCConfigurationList;
			buildConfigurations = (
				305720A620BFA19500161BFD /* Debug */,
				305720A720BFA19500161BFD /* Release */,
			);
			defaultConfigurationIsVisible = 0;
			defaultConfigurationName = Release;
		};
		305720A820BFA19500161BFD /* Build configuration list for PBXNativeTarget "gitDemoTests" */ = {
			isa = XCConfigurationList;
			buildConfigurations = (
				305720A920BFA19500161BFD /* Debug */,
				305720AA20BFA19500161BFD /* Release */,
			);
			defaultConfigurationIsVisible = 0;
			defaultConfigurationName = Release;
		};
		305720AB20BFA19500161BFD /* Build configuration list for PBXNativeTarget "gitDemoUITests" */ = {
			isa = XCConfigurationList;
			buildConfigurations = (
				305720AC20BFA19500161BFD /* Debug */,
				305720AD20BFA19500161BFD /* Release */,
			);
			defaultConfigurationIsVisible = 0;
			defaultConfigurationName = Release;
		};
/* End XCConfigurationList section */
	};
	rootObject = 3057207520BFA19200161BFD /* Project object */;
}
